
Microsoft Visual Studio Solution File, Format Version 12.00
# Visual Studio Version 16
VisualStudioVersion = 16.0.32106.194
MinimumVisualStudioVersion = 10.0.40219.1
Project("{2150E333-8FDC-42A3-9474-1A3956D46DE8}") = "Creational", "Creational", "{F2CDA020-CEEE-4AE2-A227-E255B94DCD3F}"
EndProject
Project("{2150E333-8FDC-42A3-9474-1A3956D46DE8}") = "Structural", "Structural", "{5E514770-4D2C-4A07-B2C1-7FA834B06623}"
EndProject
Project("{2150E333-8FDC-42A3-9474-1A3956D46DE8}") = "Behavioral", "Behavioral", "{22D68B0D-27F7-4ADA-AF91-22B64341B032}"
EndProject
Project("{2150E333-8FDC-42A3-9474-1A3956D46DE8}") = "Adapter", "Adapter", "{5D507F33-69C3-457C-AF1E-44CF57E4DE55}"
EndProject
Project("{FAE04EC0-301F-11D3-BF4B-00C04F79EFBC}") = "Adapter", "Adapter\Adapter.csproj", "{0A9A822F-F892-4FCA-96EE-223606381333}"
EndProject
Project("{2150E333-8FDC-42A3-9474-1A3956D46DE8}") = "Command", "Command", "{A1F3E058-B831-4726-874F-0968679347A1}"
EndProject
Project("{FAE04EC0-301F-11D3-BF4B-00C04F79EFBC}") = "Command", "..\..\source\repos\Command\Command\Command.csproj", "{E50244A9-EE8B-4A0A-854C-81F9F32C2CF1}"
EndProject
Project("{2150E333-8FDC-42A3-9474-1A3956D46DE8}") = "Observer", "Observer", "{0B55B689-4530-42B5-B558-9D6E90E9F3CE}"
EndProject
Project("{FAE04EC0-301F-11D3-BF4B-00C04F79EFBC}") = "Observer", "..\..\source\repos\Observer\Observer\Observer.csproj", "{D384FDA7-842E-4496-A833-4382A96B2618}"
EndProject
Project("{2150E333-8FDC-42A3-9474-1A3956D46DE8}") = "Decorator", "Decorator", "{327C0DB5-D49C-418A-84AA-18A38AF79D84}"
EndProject
Project("{FAE04EC0-301F-11D3-BF4B-00C04F79EFBC}") = "Decorator", "..\..\source\repos\Decorator\Decorator\Decorator.csproj", "{6CD1BC45-FCF5-4E12-9ECB-A233AD7DC3E6}"
EndProject
Project("{2150E333-8FDC-42A3-9474-1A3956D46DE8}") = "Abstract Factory", "Abstract Factory", "{1C11D554-D5C7-4226-944D-5D7D74B5F18E}"
EndProject
Project("{FAE04EC0-301F-11D3-BF4B-00C04F79EFBC}") = "Abstract Factory", "..\..\source\repos\Abstract Factory\Abstract Factory\Abstract Factory.csproj", "{6A4A4BB2-5C4D-4361-9D6D-9DF776C0D534}"
EndProject
Project("{FAE04EC0-301F-11D3-BF4B-00C04F79EFBC}") = "Strategy", "..\..\source\repos\Strategy\Strategy\Strategy.csproj", "{FF3242AD-58F8-4160-AA61-8A2F99D9B1AF}"
EndProject
Project("{2150E333-8FDC-42A3-9474-1A3956D46DE8}") = "Strategy", "Strategy", "{8834EA73-3C6B-4BF4-BA3A-EBF415AB79DB}"
EndProject
Global
	GlobalSection(SolutionConfigurationPlatforms) = preSolution
		Debug|Any CPU = Debug|Any CPU
		Release|Any CPU = Release|Any CPU
	EndGlobalSection
	GlobalSection(ProjectConfigurationPlatforms) = postSolution
		{0A9A822F-F892-4FCA-96EE-223606381333}.Debug|Any CPU.ActiveCfg = Debug|Any CPU
		{0A9A822F-F892-4FCA-96EE-223606381333}.Debug|Any CPU.Build.0 = Debug|Any CPU
		{0A9A822F-F892-4FCA-96EE-223606381333}.Release|Any CPU.ActiveCfg = Release|Any CPU
		{0A9A822F-F892-4FCA-96EE-223606381333}.Release|Any CPU.Build.0 = Release|Any CPU
		{E50244A9-EE8B-4A0A-854C-81F9F32C2CF1}.Debug|Any CPU.ActiveCfg = Debug|Any CPU
		{E50244A9-EE8B-4A0A-854C-81F9F32C2CF1}.Debug|Any CPU.Build.0 = Debug|Any CPU
		{E50244A9-EE8B-4A0A-854C-81F9F32C2CF1}.Release|Any CPU.ActiveCfg = Release|Any CPU
		{E50244A9-EE8B-4A0A-854C-81F9F32C2CF1}.Release|Any CPU.Build.0 = Release|Any CPU
		{D384FDA7-842E-4496-A833-4382A96B2618}.Debug|Any CPU.ActiveCfg = Debug|Any CPU
		{D384FDA7-842E-4496-A833-4382A96B2618}.Debug|Any CPU.Build.0 = Debug|Any CPU
		{D384FDA7-842E-4496-A833-4382A96B2618}.Release|Any CPU.ActiveCfg = Release|Any CPU
		{D384FDA7-842E-4496-A833-4382A96B2618}.Release|Any CPU.Build.0 = Release|Any CPU
		{6CD1BC45-FCF5-4E12-9ECB-A233AD7DC3E6}.Debug|Any CPU.ActiveCfg = Debug|Any CPU
		{6CD1BC45-FCF5-4E12-9ECB-A233AD7DC3E6}.Debug|Any CPU.Build.0 = Debug|Any CPU
		{6CD1BC45-FCF5-4E12-9ECB-A233AD7DC3E6}.Release|Any CPU.ActiveCfg = Release|Any CPU
		{6CD1BC45-FCF5-4E12-9ECB-A233AD7DC3E6}.Release|Any CPU.Build.0 = Release|Any CPU
		{6A4A4BB2-5C4D-4361-9D6D-9DF776C0D534}.Debug|Any CPU.ActiveCfg = Debug|Any CPU
		{6A4A4BB2-5C4D-4361-9D6D-9DF776C0D534}.Debug|Any CPU.Build.0 = Debug|Any CPU
		{6A4A4BB2-5C4D-4361-9D6D-9DF776C0D534}.Release|Any CPU.ActiveCfg = Release|Any CPU
		{6A4A4BB2-5C4D-4361-9D6D-9DF776C0D534}.Release|Any CPU.Build.0 = Release|Any CPU
		{FF3242AD-58F8-4160-AA61-8A2F99D9B1AF}.Debug|Any CPU.ActiveCfg = Debug|Any CPU
		{FF3242AD-58F8-4160-AA61-8A2F99D9B1AF}.Debug|Any CPU.Build.0 = Debug|Any CPU
		{FF3242AD-58F8-4160-AA61-8A2F99D9B1AF}.Release|Any CPU.ActiveCfg = Release|Any CPU
		{FF3242AD-58F8-4160-AA61-8A2F99D9B1AF}.Release|Any CPU.Build.0 = Release|Any CPU
	EndGlobalSection
	GlobalSection(SolutionProperties) = preSolution
		HideSolutionNode = FALSE
	EndGlobalSection
	GlobalSection(NestedProjects) = preSolution
		{5D507F33-69C3-457C-AF1E-44CF57E4DE55} = {5E514770-4D2C-4A07-B2C1-7FA834B06623}
		{0A9A822F-F892-4FCA-96EE-223606381333} = {5D507F33-69C3-457C-AF1E-44CF57E4DE55}
		{A1F3E058-B831-4726-874F-0968679347A1} = {22D68B0D-27F7-4ADA-AF91-22B64341B032}
		{E50244A9-EE8B-4A0A-854C-81F9F32C2CF1} = {A1F3E058-B831-4726-874F-0968679347A1}
		{0B55B689-4530-42B5-B558-9D6E90E9F3CE} = {22D68B0D-27F7-4ADA-AF91-22B64341B032}
		{D384FDA7-842E-4496-A833-4382A96B2618} = {0B55B689-4530-42B5-B558-9D6E90E9F3CE}
		{327C0DB5-D49C-418A-84AA-18A38AF79D84} = {5E514770-4D2C-4A07-B2C1-7FA834B06623}
		{6CD1BC45-FCF5-4E12-9ECB-A233AD7DC3E6} = {327C0DB5-D49C-418A-84AA-18A38AF79D84}
		{1C11D554-D5C7-4226-944D-5D7D74B5F18E} = {F2CDA020-CEEE-4AE2-A227-E255B94DCD3F}
		{6A4A4BB2-5C4D-4361-9D6D-9DF776C0D534} = {1C11D554-D5C7-4226-944D-5D7D74B5F18E}
		{FF3242AD-58F8-4160-AA61-8A2F99D9B1AF} = {8834EA73-3C6B-4BF4-BA3A-EBF415AB79DB}
		{8834EA73-3C6B-4BF4-BA3A-EBF415AB79DB} = {22D68B0D-27F7-4ADA-AF91-22B64341B032}
	EndGlobalSection
	GlobalSection(ExtensibilityGlobals) = postSolution
		SolutionGuid = {39E3221A-6CC9-4BBE-92BD-D91A8B136A32}
	EndGlobalSection
EndGlobal
